
Microsoft Visual Studio Solution File, Format Version 12.00
# Visual Studio Version 16
VisualStudioVersion = 16.0.31005.135
MinimumVisualStudioVersion = 10.0.40219.1
Project("{FAE04EC0-301F-11D3-BF4B-00C04F79EFBC}") = "ContactManagement", "ContactManagement\ContactManagement.csproj", "{04348A06-22E6-4FF0-8802-C8A87EC9C852}"
EndProject
Global
	GlobalSection(SolutionConfigurationPlatforms) = preSolution
		Debug|Any CPU = Debug|Any CPU
		Release|Any CPU = Release|Any CPU
	EndGlobalSection
	GlobalSection(ProjectConfigurationPlatforms) = postSolution
		{04348A06-22E6-4FF0-8802-C8A87EC9C852}.Debug|Any CPU.ActiveCfg = Debug|Any CPU
		{04348A06-22E6-4FF0-8802-C8A87EC9C852}.Debug|Any CPU.Build.0 = Debug|Any CPU
		{04348A06-22E6-4FF0-8802-C8A87EC9C852}.Release|Any CPU.ActiveCfg = Release|Any CPU
		{04348A06-22E6-4FF0-8802-C8A87EC9C852}.Release|Any CPU.Build.0 = Release|Any CPU
	EndGlobalSection
	GlobalSection(SolutionProperties) = preSolution
		HideSolutionNode = FALSE
	EndGlobalSection
	GlobalSection(ExtensibilityGlobals) = postSolution
		SolutionGuid = {24170C5C-3D87-4641-93A2-DFF41A6C12AD}
	EndGlobalSection
EndGlobal
